
Microsoft Visual Studio Solution File, Format Version 12.00
# Visual Studio Version 16
VisualStudioVersion = 16.0.32002.261
MinimumVisualStudioVersion = 10.0.40219.1
Project("{9A19103F-16F7-4668-BE54-9A1E7A4F7556}") = "AlgosAndTools", "AlgosAndTools\AlgosAndTools.csproj", "{2A1F0342-2207-4FE5-BBA2-A7F95007D54A}"
EndProject
Global
	GlobalSection(SolutionConfigurationPlatforms) = preSolution
		Debug|Any CPU = Debug|Any CPU
		Release|Any CPU = Release|Any CPU
	EndGlobalSection
	GlobalSection(ProjectConfigurationPlatforms) = postSolution
		{2A1F0342-2207-4FE5-BBA2-A7F95007D54A}.Debug|Any CPU.ActiveCfg = Debug|Any CPU
		{2A1F0342-2207-4FE5-BBA2-A7F95007D54A}.Debug|Any CPU.Build.0 = Debug|Any CPU
		{2A1F0342-2207-4FE5-BBA2-A7F95007D54A}.Release|Any CPU.ActiveCfg = Release|Any CPU
		{2A1F0342-2207-4FE5-BBA2-A7F95007D54A}.Release|Any CPU.Build.0 = Release|Any CPU
	EndGlobalSection
	GlobalSection(SolutionProperties) = preSolution
		HideSolutionNode = FALSE
	EndGlobalSection
	GlobalSection(ExtensibilityGlobals) = postSolution
		SolutionGuid = {76D60188-FEC9-4945-AB45-36B163933382}
	EndGlobalSection
EndGlobal
